{
  "name": "@didi/chameleon-api-miniapp",
  "version": "0.0.15-alpha.3",
  "lockfileVersion": 1,
  "requires": true,
  "dependencies": {
    "chameleon-api": {
      "version": "1.0.4",
      "resolved": "http://registry.npm.xiaojukeji.com/chameleon-api/download/chameleon-api-1.0.4.tgz",
      "integrity": "sha1-/8yXZ3Iv3KcgYB3muuxWE9l9C2s=",
      "dev": true,
      "requires": {
        "chameleon-bridge": "0.2.0",
        "child_process": "^1.0.2",
        "events": "^3.0.0",
        "fetch-detector": "^1.0.1",
        "fetch-ie8": "^1.5.0"
      }
    },
    "chameleon-bridge": {
      "version": "0.2.0",
      "resolved": "http://registry.npm.xiaojukeji.com/chameleon-bridge/download/chameleon-bridge-0.2.0.tgz",
      "integrity": "sha1-V9+1FtVWZfnhJlR5KeZnWSdrWI8=",
      "dev": true
    },
    "chameleon-runtime": {
      "version": "1.0.0",
      "resolved": "http://registry.npm.xiaojukeji.com/chameleon-runtime/download/chameleon-runtime-1.0.0.tgz",
      "integrity": "sha1-/1erRb3RIOddZSNk8QLrcL1+s8M=",
      "dev": true,
      "requires": {
        "mobx": "4.8.0"
      }
    },
    "chameleon-store": {
      "version": "1.0.0",
      "resolved": "http://registry.npm.xiaojukeji.com/chameleon-store/download/chameleon-store-1.0.0.tgz",
      "integrity": "sha1-OVJe4ocmj1MDd+Od3S92yagZRvY=",
      "dev": true,
      "requires": {
        "mobx": "4.8.0",
        "vuex": "3.0.1"
      }
    },
    "child_process": {
      "version": "1.0.2",
      "resolved": "http://registry.npm.xiaojukeji.com/child_process/download/child_process-1.0.2.tgz",
      "integrity": "sha1-sffn/HPSXn/R1FWtyU4UODAYK1o=",
      "dev": true
    },
    "events": {
      "version": "3.1.0",
      "resolved": "http://registry.npm.xiaojukeji.com/events/download/events-3.1.0.tgz",
      "integrity": "sha1-hCea8bNMt1qoi/X/KR9tC9mzGlk=",
      "dev": true
    },
    "fetch-detector": {
      "version": "1.0.1",
      "resolved": "http://registry.npm.xiaojukeji.com/fetch-detector/download/fetch-detector-1.0.1.tgz",
      "integrity": "sha1-bLPq9zjCcnhi6GiA1hIUI+qkIIM=",
      "dev": true
    },
    "fetch-ie8": {
      "version": "1.5.0",
      "resolved": "http://registry.npm.xiaojukeji.com/fetch-ie8/download/fetch-ie8-1.5.0.tgz",
      "integrity": "sha1-8RQcP5bLyJN6oxsPvBp3AiD7wVs=",
      "dev": true
    },
    "fs-extra": {
      "version": "7.0.1",
      "resolved": "http://registry.npm.xiaojukeji.com/fs-extra/download/fs-extra-7.0.1.tgz",
      "integrity": "sha1-TxicRKoSO4lfcigE9V6iPq3DSOk=",
      "dev": true,
      "requires": {
        "graceful-fs": "^4.1.2",
        "jsonfile": "^4.0.0",
        "universalify": "^0.1.0"
      }
    },
    "graceful-fs": {
      "version": "4.1.15",
      "resolved": "http://registry.npm.xiaojukeji.com/graceful-fs/download/graceful-fs-4.1.15.tgz",
      "integrity": "sha1-/7cD4QZuig7qpMi4C6klPu77+wA=",
      "dev": true
    },
    "jsonfile": {
      "version": "4.0.0",
      "resolved": "http://registry.npm.xiaojukeji.com/jsonfile/download/jsonfile-4.0.0.tgz",
      "integrity": "sha1-h3Gq4HmbZAdrdmQPygWPnBDjPss=",
      "dev": true,
      "requires": {
        "graceful-fs": "^4.1.6"
      }
    },
    "mobx": {
      "version": "4.8.0",
      "resolved": "http://registry.npm.xiaojukeji.com/mobx/download/mobx-4.8.0.tgz",
      "integrity": "sha1-YFn+ueDTRArMpa4ZLarWMZixGA8=",
      "dev": true
    },
    "universalify": {
      "version": "0.1.2",
      "resolved": "http://registry.npm.xiaojukeji.com/universalify/download/universalify-0.1.2.tgz",
      "integrity": "sha1-tkb2m+OULavOzJ1mOcgNwQXvqmY=",
      "dev": true
    },
    "vuex": {
      "version": "3.0.1",
      "resolved": "http://registry.npm.xiaojukeji.com/vuex/download/vuex-3.0.1.tgz",
      "integrity": "sha1-52E1Lr4K9TfUu3Vam53Evj3379I=",
      "dev": true
    }
  }
}
